
Microsoft Visual Studio Solution File, Format Version 12.00
# Visual Studio Version 17
VisualStudioVersion = 17.9.34616.47
MinimumVisualStudioVersion = 10.0.40219.1
Project("{9A19103F-16F7-4668-BE54-9A1E7A4F7556}") = "Job", "Job\Job.csproj", "{32056F3B-59DD-4DD6-9490-614CB569BB46}"
EndProject
Global
	GlobalSection(SolutionConfigurationPlatforms) = preSolution
		Debug|Any CPU = Debug|Any CPU
		Release|Any CPU = Release|Any CPU
	EndGlobalSection
	GlobalSection(ProjectConfigurationPlatforms) = postSolution
		{32056F3B-59DD-4DD6-9490-614CB569BB46}.Debug|Any CPU.ActiveCfg = Debug|Any CPU
		{32056F3B-59DD-4DD6-9490-614CB569BB46}.Debug|Any CPU.Build.0 = Debug|Any CPU
		{32056F3B-59DD-4DD6-9490-614CB569BB46}.Release|Any CPU.ActiveCfg = Release|Any CPU
		{32056F3B-59DD-4DD6-9490-614CB569BB46}.Release|Any CPU.Build.0 = Release|Any CPU
	EndGlobalSection
	GlobalSection(SolutionProperties) = preSolution
		HideSolutionNode = FALSE
	EndGlobalSection
	GlobalSection(ExtensibilityGlobals) = postSolution
		SolutionGuid = {174C8D7B-C8D0-4730-9E9F-0895DFF6FBF2}
	EndGlobalSection
EndGlobal
